
Microsoft Visual Studio Solution File, Format Version 12.00
# Visual Studio Version 16
VisualStudioVersion = 16.0.31321.278
MinimumVisualStudioVersion = 10.0.40219.1
Project("{FAE04EC0-301F-11D3-BF4B-00C04F79EFBC}") = "Pastomatas", "Pastomatas\Pastomatas.csproj", "{6E5B483F-9B04-45C1-B336-924573D631C7}"
EndProject
Global
	GlobalSection(SolutionConfigurationPlatforms) = preSolution
		Debug|Any CPU = Debug|Any CPU
		Release|Any CPU = Release|Any CPU
	EndGlobalSection
	GlobalSection(ProjectConfigurationPlatforms) = postSolution
		{6E5B483F-9B04-45C1-B336-924573D631C7}.Debug|Any CPU.ActiveCfg = Debug|Any CPU
		{6E5B483F-9B04-45C1-B336-924573D631C7}.Debug|Any CPU.Build.0 = Debug|Any CPU
		{6E5B483F-9B04-45C1-B336-924573D631C7}.Release|Any CPU.ActiveCfg = Release|Any CPU
		{6E5B483F-9B04-45C1-B336-924573D631C7}.Release|Any CPU.Build.0 = Release|Any CPU
	EndGlobalSection
	GlobalSection(SolutionProperties) = preSolution
		HideSolutionNode = FALSE
	EndGlobalSection
	GlobalSection(ExtensibilityGlobals) = postSolution
		SolutionGuid = {F0F9FEB8-0419-49DC-9380-388959D7579B}
	EndGlobalSection
EndGlobal
